
Microsoft Visual Studio Solution File, Format Version 12.00
# Visual Studio Version 17
VisualStudioVersion = 17.5.002.0
MinimumVisualStudioVersion = 10.0.40219.1
Project("{2150E333-8FDC-42A3-9474-1A3956D46DE8}") = "Back", "Back", "{3967B8F4-C432-4922-86D2-53853AAB46CB}"
EndProject
Project("{2150E333-8FDC-42A3-9474-1A3956D46DE8}") = "src", "src", "{A2BD82FF-B861-4EF4-9A26-43CFB00AC304}"
EndProject
Project("{9A19103F-16F7-4668-BE54-9A1E7A4F7556}") = "ProEventos.API", "Back\src\ProEventos.API\ProEventos.API.csproj", "{F4699001-2559-473C-9DA7-12910D54CC06}"
EndProject
Global
	GlobalSection(SolutionConfigurationPlatforms) = preSolution
		Debug|Any CPU = Debug|Any CPU
		Release|Any CPU = Release|Any CPU
	EndGlobalSection
	GlobalSection(ProjectConfigurationPlatforms) = postSolution
		{F4699001-2559-473C-9DA7-12910D54CC06}.Debug|Any CPU.ActiveCfg = Debug|Any CPU
		{F4699001-2559-473C-9DA7-12910D54CC06}.Debug|Any CPU.Build.0 = Debug|Any CPU
		{F4699001-2559-473C-9DA7-12910D54CC06}.Release|Any CPU.ActiveCfg = Release|Any CPU
		{F4699001-2559-473C-9DA7-12910D54CC06}.Release|Any CPU.Build.0 = Release|Any CPU
	EndGlobalSection
	GlobalSection(SolutionProperties) = preSolution
		HideSolutionNode = FALSE
	EndGlobalSection
	GlobalSection(NestedProjects) = preSolution
		{A2BD82FF-B861-4EF4-9A26-43CFB00AC304} = {3967B8F4-C432-4922-86D2-53853AAB46CB}
		{F4699001-2559-473C-9DA7-12910D54CC06} = {A2BD82FF-B861-4EF4-9A26-43CFB00AC304}
	EndGlobalSection
	GlobalSection(ExtensibilityGlobals) = postSolution
		SolutionGuid = {6D79DD27-B686-42F2-AE7B-651E42513379}
	EndGlobalSection
EndGlobal
